
Microsoft Visual Studio Solution File, Format Version 12.00
# Visual Studio Version 16
VisualStudioVersion = 16.0.31105.61
MinimumVisualStudioVersion = 10.0.40219.1
Project("{FAE04EC0-301F-11D3-BF4B-00C04F79EFBC}") = "Businness", "Businness\Businness.csproj", "{7F6370C0-5F60-403B-B7F3-5850268DD9A4}"
EndProject
Project("{FAE04EC0-301F-11D3-BF4B-00C04F79EFBC}") = "Core", "Core\Core.csproj", "{C66B5F63-EB1D-4851-965A-57C668011E65}"
EndProject
Project("{FAE04EC0-301F-11D3-BF4B-00C04F79EFBC}") = "DataAccess", "DataAccess\DataAccess.csproj", "{14B7BE09-0FF7-41AE-8DE0-8700EF8F7782}"
EndProject
Project("{FAE04EC0-301F-11D3-BF4B-00C04F79EFBC}") = "Entities", "Entities\Entities.csproj", "{81C4CA66-CFFF-4799-890C-F22BA875BF77}"
EndProject
Project("{FAE04EC0-301F-11D3-BF4B-00C04F79EFBC}") = "TesodevChallangeAPI", "TesodevChallangeAPI\TesodevChallangeAPI.csproj", "{FFB218C3-6B45-4A93-9B4F-30EF80789767}"
EndProject
Global
	GlobalSection(SolutionConfigurationPlatforms) = preSolution
		Debug|Any CPU = Debug|Any CPU
		Release|Any CPU = Release|Any CPU
	EndGlobalSection
	GlobalSection(ProjectConfigurationPlatforms) = postSolution
		{7F6370C0-5F60-403B-B7F3-5850268DD9A4}.Debug|Any CPU.ActiveCfg = Debug|Any CPU
		{7F6370C0-5F60-403B-B7F3-5850268DD9A4}.Debug|Any CPU.Build.0 = Debug|Any CPU
		{7F6370C0-5F60-403B-B7F3-5850268DD9A4}.Release|Any CPU.ActiveCfg = Release|Any CPU
		{7F6370C0-5F60-403B-B7F3-5850268DD9A4}.Release|Any CPU.Build.0 = Release|Any CPU
		{C66B5F63-EB1D-4851-965A-57C668011E65}.Debug|Any CPU.ActiveCfg = Debug|Any CPU
		{C66B5F63-EB1D-4851-965A-57C668011E65}.Debug|Any CPU.Build.0 = Debug|Any CPU
		{C66B5F63-EB1D-4851-965A-57C668011E65}.Release|Any CPU.ActiveCfg = Release|Any CPU
		{C66B5F63-EB1D-4851-965A-57C668011E65}.Release|Any CPU.Build.0 = Release|Any CPU
		{14B7BE09-0FF7-41AE-8DE0-8700EF8F7782}.Debug|Any CPU.ActiveCfg = Debug|Any CPU
		{14B7BE09-0FF7-41AE-8DE0-8700EF8F7782}.Debug|Any CPU.Build.0 = Debug|Any CPU
		{14B7BE09-0FF7-41AE-8DE0-8700EF8F7782}.Release|Any CPU.ActiveCfg = Release|Any CPU
		{14B7BE09-0FF7-41AE-8DE0-8700EF8F7782}.Release|Any CPU.Build.0 = Release|Any CPU
		{81C4CA66-CFFF-4799-890C-F22BA875BF77}.Debug|Any CPU.ActiveCfg = Debug|Any CPU
		{81C4CA66-CFFF-4799-890C-F22BA875BF77}.Debug|Any CPU.Build.0 = Debug|Any CPU
		{81C4CA66-CFFF-4799-890C-F22BA875BF77}.Release|Any CPU.ActiveCfg = Release|Any CPU
		{81C4CA66-CFFF-4799-890C-F22BA875BF77}.Release|Any CPU.Build.0 = Release|Any CPU
		{FFB218C3-6B45-4A93-9B4F-30EF80789767}.Debug|Any CPU.ActiveCfg = Debug|Any CPU
		{FFB218C3-6B45-4A93-9B4F-30EF80789767}.Debug|Any CPU.Build.0 = Debug|Any CPU
		{FFB218C3-6B45-4A93-9B4F-30EF80789767}.Release|Any CPU.ActiveCfg = Release|Any CPU
		{FFB218C3-6B45-4A93-9B4F-30EF80789767}.Release|Any CPU.Build.0 = Release|Any CPU
	EndGlobalSection
	GlobalSection(SolutionProperties) = preSolution
		HideSolutionNode = FALSE
	EndGlobalSection
	GlobalSection(ExtensibilityGlobals) = postSolution
		SolutionGuid = {1FE54409-29E5-4FA9-B5D1-29E8EDF9C776}
	EndGlobalSection
EndGlobal
